<?xml version="1.0" encoding="UTF-8" standalone="yes" ?>
<CodeBlocks_project_file>
	<FileVersion major="1" minor="6" />
	<Project>
		<Option title="gtkmm_test" />
		<Option pch_mode="2" />
		<Option compiler="gcc" />
		<Build>
			<Target title="Debug">
				<Option output="bin/Debug/gtkmm_test" prefix_auto="1" extension_auto="1" />
				<Option object_output="obj/Debug/" />
				<Option type="1" />
				<Option compiler="gcc" />
				<Compiler>
					<Add option="-g" />
					<Add option="`pkg-config --cflags gtkmm-3.0 --libs gtkmm-3.0 --libs gstreamermm-0.10`" />
					<Add option="-fexceptions" />
					<Add directory="c:/gtkmm64" />
					<Add directory="C:/gtkmm64/include" />
				</Compiler>
				<Linker>
					<Add option="`pkg-config --cflags gtkmm-3.0 --libs gtkmm-3.0 --libs gstreamermm-0.10`" />
					<Add directory="/usr/lib64/gtkmm-3.0" />
					<Add directory="/usr/lib64/gstreamermm-0.10" />
				</Linker>
			</Target>
			<Target title="Release">
				<Option output="bin/Release/gtkmm_test" prefix_auto="1" extension_auto="1" />
				<Option object_output="obj/Release/" />
				<Option type="1" />
				<Option compiler="gcc" />
				<Compiler>
					<Add option="-O2" />
				</Compiler>
				<Linker>
					<Add option="-s" />
				</Linker>
			</Target>
		</Build>
		<Compiler>
			<Add option="-Wall" />
			<Add option="`pkg-config --cflags gtkmm-3.0 --libs gtkmm-3.0 --libs gstreamermm-0.10`" />
			<Add option="-fexceptions" />
			<Add directory="C:/gtkmm/include" />
			<Add directory="/usr/include/gtkmm-3.0" />
			<Add directory="/usr/include/gstreamermm-0.10" />
			<Add directory="/usr/include/gstreamer-0.10" />
			<Add directory="/usr/include/libxml2" />
			<Add directory="/usr/include/libxml++-2.6" />
			<Add directory="/usr/lib64/libxml++-2.6/include" />
			<Add directory="/usr/include" />
			<Add directory="/usr/lib64" />
		</Compiler>
		<Linker>
			<Add option="`pkg-config --cflags gtkmm-3.0 --libs gtkmm-3.0 --libs gstreamermm-0.10`" />
			<Add directory="C:/gtkmm/lib" />
			<Add directory="C:/gtkmm/bin" />
			<Add directory="/usr/lib64/gtkmm-3.0" />
			<Add directory="/usr/lib64/gstreamermm-0.10" />
			<Add directory="/usr/lib64" />
			<Add directory="/usr/lib64/gstreamer-0.10" />
		</Linker>
		<Unit filename="animation.cpp" />
		<Unit filename="animation.h" />
		<Unit filename="animeWindow.cpp" />
		<Unit filename="animeWindow.h" />
		<Unit filename="main.cpp" />
		<Unit filename="metronome.cpp" />
		<Unit filename="metronome.h" />
		<Unit filename="note.cpp" />
		<Unit filename="note.h" />
		<Unit filename="options.cpp" />
		<Unit filename="options.h" />
		<Unit filename="sound.cpp" />
		<Unit filename="sound.h" />
		<Unit filename="tempo.cpp" />
		<Unit filename="tempo.h" />
		<Unit filename="tuner.cpp" />
		<Unit filename="tuner.h" />
		<Extensions>
			<code_completion />
			<debugger />
			<envvars />
		</Extensions>
	</Project>
</CodeBlocks_project_file>
